
Microsoft Visual Studio Solution File, Format Version 12.00
# Visual Studio Version 17
VisualStudioVersion = 17.10.35122.118
MinimumVisualStudioVersion = 10.0.40219.1
Project("{9A19103F-16F7-4668-BE54-9A1E7A4F7556}") = "Forum.API", "Forum.API\Forum.API.csproj", "{4D760786-10C1-42E8-BC14-59044773C9CE}"
EndProject
Project("{FAE04EC0-301F-11D3-BF4B-00C04F79EFBC}") = "Forum.Infrastructure", "Forum.Infrastructure\Forum.Infrastructure.csproj", "{315DA257-B61E-4954-9908-E3C8DB928756}"
EndProject
Project("{FAE04EC0-301F-11D3-BF4B-00C04F79EFBC}") = "Forum.Domain", "Forum.Domain\Forum.Domain.csproj", "{CE771D34-B19A-4056-A164-1CAEC09F97DB}"
EndProject
Project("{FAE04EC0-301F-11D3-BF4B-00C04F79EFBC}") = "Forum.Application", "Forum.Application\Forum.Application.csproj", "{0360E422-DBBA-402F-B09D-5AABB6521DB4}"
EndProject
Global
	GlobalSection(SolutionConfigurationPlatforms) = preSolution
		Debug|Any CPU = Debug|Any CPU
		Release|Any CPU = Release|Any CPU
	EndGlobalSection
	GlobalSection(ProjectConfigurationPlatforms) = postSolution
		{4D760786-10C1-42E8-BC14-59044773C9CE}.Debug|Any CPU.ActiveCfg = Debug|Any CPU
		{4D760786-10C1-42E8-BC14-59044773C9CE}.Debug|Any CPU.Build.0 = Debug|Any CPU
		{4D760786-10C1-42E8-BC14-59044773C9CE}.Release|Any CPU.ActiveCfg = Release|Any CPU
		{4D760786-10C1-42E8-BC14-59044773C9CE}.Release|Any CPU.Build.0 = Release|Any CPU
		{315DA257-B61E-4954-9908-E3C8DB928756}.Debug|Any CPU.ActiveCfg = Debug|Any CPU
		{315DA257-B61E-4954-9908-E3C8DB928756}.Debug|Any CPU.Build.0 = Debug|Any CPU
		{315DA257-B61E-4954-9908-E3C8DB928756}.Release|Any CPU.ActiveCfg = Release|Any CPU
		{315DA257-B61E-4954-9908-E3C8DB928756}.Release|Any CPU.Build.0 = Release|Any CPU
		{CE771D34-B19A-4056-A164-1CAEC09F97DB}.Debug|Any CPU.ActiveCfg = Debug|Any CPU
		{CE771D34-B19A-4056-A164-1CAEC09F97DB}.Debug|Any CPU.Build.0 = Debug|Any CPU
		{CE771D34-B19A-4056-A164-1CAEC09F97DB}.Release|Any CPU.ActiveCfg = Release|Any CPU
		{CE771D34-B19A-4056-A164-1CAEC09F97DB}.Release|Any CPU.Build.0 = Release|Any CPU
		{0360E422-DBBA-402F-B09D-5AABB6521DB4}.Debug|Any CPU.ActiveCfg = Debug|Any CPU
		{0360E422-DBBA-402F-B09D-5AABB6521DB4}.Debug|Any CPU.Build.0 = Debug|Any CPU
		{0360E422-DBBA-402F-B09D-5AABB6521DB4}.Release|Any CPU.ActiveCfg = Release|Any CPU
		{0360E422-DBBA-402F-B09D-5AABB6521DB4}.Release|Any CPU.Build.0 = Release|Any CPU
	EndGlobalSection
	GlobalSection(SolutionProperties) = preSolution
		HideSolutionNode = FALSE
	EndGlobalSection
	GlobalSection(ExtensibilityGlobals) = postSolution
		SolutionGuid = {205CAE3F-EDFA-4FEE-B8D7-AB02AC4E2EA0}
	EndGlobalSection
EndGlobal
